
Microsoft Visual Studio Solution File, Format Version 12.00
# Visual Studio 15
Project("{FAE04EC0-301F-11D3-BF4B-00C04F79EFBC}") = "Assembly-CSharp", "Assembly-CSharp.csproj", "{1E6F6A4A-1A51-94C9-4E2E-9DF9BF15863F}"
EndProject
Project("{FAE04EC0-301F-11D3-BF4B-00C04F79EFBC}") = "Assembly-CSharp-Editor", "Assembly-CSharp-Editor.csproj", "{68AA74A6-3E40-15EA-F4FF-1BCBB0495B0E}"
EndProject
Global
	GlobalSection(SolutionConfigurationPlatforms) = preSolution
		Debug|Any CPU = Debug|Any CPU
		Release|Any CPU = Release|Any CPU
	EndGlobalSection
	GlobalSection(ProjectConfigurationPlatforms) = postSolution
		{1E6F6A4A-1A51-94C9-4E2E-9DF9BF15863F}.Debug|Any CPU.ActiveCfg = Debug|Any CPU
		{1E6F6A4A-1A51-94C9-4E2E-9DF9BF15863F}.Debug|Any CPU.Build.0 = Debug|Any CPU
		{1E6F6A4A-1A51-94C9-4E2E-9DF9BF15863F}.Release|Any CPU.ActiveCfg = Release|Any CPU
		{1E6F6A4A-1A51-94C9-4E2E-9DF9BF15863F}.Release|Any CPU.Build.0 = Release|Any CPU
		{68AA74A6-3E40-15EA-F4FF-1BCBB0495B0E}.Debug|Any CPU.ActiveCfg = Debug|Any CPU
		{68AA74A6-3E40-15EA-F4FF-1BCBB0495B0E}.Debug|Any CPU.Build.0 = Debug|Any CPU
		{68AA74A6-3E40-15EA-F4FF-1BCBB0495B0E}.Release|Any CPU.ActiveCfg = Release|Any CPU
		{68AA74A6-3E40-15EA-F4FF-1BCBB0495B0E}.Release|Any CPU.Build.0 = Release|Any CPU
	EndGlobalSection
	GlobalSection(SolutionProperties) = preSolution
		HideSolutionNode = FALSE
	EndGlobalSection
EndGlobal
